# This file is generated by running "yarn install" inside your project.
# Manual changes might be lost - proceed with caution!

__metadata:
  version: 6

"gh-app-template-browser@workspace:.":
  version: 0.0.0-use.local
  resolution: "gh-app-template-browser@workspace:."
  languageName: unknown
  linkType: soft
